{
  "requires": true,
  "lockfileVersion": 1,
  "dependencies": {
    "filed": {
      "version": "0.0.7",
      "resolved": "https://registry.npmjs.org/filed/-/filed-0.0.7.tgz",
      "integrity": "sha1-MIfsUx+5p4YApuyOCxBuLFdNl3M="
    },
    "mime": {
      "version": "1.2.7",
      "resolved": "https://registry.npmjs.org/mime/-/mime-1.2.7.tgz",
      "integrity": "sha1-x6E/M6cHPZkA8ohDawazoWIAhls="
    },
    "wow": {
      "version": "0.0.6",
      "resolved": "https://registry.npmjs.org/wow/-/wow-0.0.6.tgz",
      "integrity": "sha1-UKNm9kFABAiJbHdMB2PuXe82rw0=",
      "requires": {
        "filed": "0.0.7",
        "mime": "1.2.7"
      }
    }
  }
}
